// !$*UTF8*$!
{
	archiveVersion = 1;
	classes = {
	};
	objectVersion = 56;
	objects = {

/* Begin PBXBuildFile section */
		0211F00B2A5C177400EE20A2 /* BlogModel.swift in Sources */ = {isa = PBXBuildFile; fileRef = 0211F00A2A5C177400EE20A2 /* BlogModel.swift */; };
		0211F00E2A5C185F00EE20A2 /* BlogArticleItem.swift in Sources */ = {isa = PBXBuildFile; fileRef = 0211F00D2A5C185F00EE20A2 /* BlogArticleItem.swift */; };
		0211F0102A5C3FEF00EE20A2 /* BlogArticle.swift in Sources */ = {isa = PBXBuildFile; fileRef = 0211F00F2A5C3FEF00EE20A2 /* BlogArticle.swift */; };
		0211F0122A5D3B3500EE20A2 /* Toast.swift in Sources */ = {isa = PBXBuildFile; fileRef = 0211F0112A5D3B3500EE20A2 /* Toast.swift */; };
		0211F0142A5D46DD00EE20A2 /* BlogArticleDetail.swift in Sources */ = {isa = PBXBuildFile; fileRef = 0211F0132A5D46DD00EE20A2 /* BlogArticleDetail.swift */; };
		021BD83A2A54437800761E28 /* WelcomeView.swift in Sources */ = {isa = PBXBuildFile; fileRef = 021BD8392A54437800761E28 /* WelcomeView.swift */; };
		021BD83D2A5444AB00761E28 /* DashboardItemRow.swift in Sources */ = {isa = PBXBuildFile; fileRef = 021BD83C2A5444AB00761E28 /* DashboardItemRow.swift */; };
		021BD8402A54970700761E28 /* Lottie in Frameworks */ = {isa = PBXBuildFile; productRef = 021BD83F2A54970700761E28 /* Lottie */; };
		021BD8422A56D1C000761E28 /* RoundedButton.swift in Sources */ = {isa = PBXBuildFile; fileRef = 021BD8412A56D1C000761E28 /* RoundedButton.swift */; };
		021BD8442A57E8D000761E28 /* AddLogView.swift in Sources */ = {isa = PBXBuildFile; fileRef = 021BD8432A57E8D000761E28 /* AddLogView.swift */; };
		021E83B72A57EE80005178B8 /* LottieView.swift in Sources */ = {isa = PBXBuildFile; fileRef = 021E83B62A57EE80005178B8 /* LottieView.swift */; };
		021E83BA2A57F5A0005178B8 /* up.json in Resources */ = {isa = PBXBuildFile; fileRef = 021E83B92A57F59F005178B8 /* up.json */; };
		021E83BC2A57F5CF005178B8 /* LottieFilesConstants.swift in Sources */ = {isa = PBXBuildFile; fileRef = 021E83BB2A57F5CF005178B8 /* LottieFilesConstants.swift */; };
		021E83BE2A5808D3005178B8 /* TabAppView.swift in Sources */ = {isa = PBXBuildFile; fileRef = 021E83BD2A5808D3005178B8 /* TabAppView.swift */; };
		021E83C02A580A57005178B8 /* BlogView.swift in Sources */ = {isa = PBXBuildFile; fileRef = 021E83BF2A580A57005178B8 /* BlogView.swift */; };
		021E83C22A580A63005178B8 /* AboutAppView.swift in Sources */ = {isa = PBXBuildFile; fileRef = 021E83C12A580A63005178B8 /* AboutAppView.swift */; };
		021E83C42A581806005178B8 /* CustomTabBar.swift in Sources */ = {isa = PBXBuildFile; fileRef = 021E83C32A581806005178B8 /* CustomTabBar.swift */; };
		0288F0CB2A5D64B100538903 /* RichText in Frameworks */ = {isa = PBXBuildFile; productRef = 0288F0CA2A5D64B100538903 /* RichText */; };
		3B0867D92A4CADA300ABF9CA /* Realm in Frameworks */ = {isa = PBXBuildFile; productRef = 3B0867D82A4CADA300ABF9CA /* Realm */; };
		3B0867DB2A4CADA300ABF9CA /* RealmSwift in Frameworks */ = {isa = PBXBuildFile; productRef = 3B0867DA2A4CADA300ABF9CA /* RealmSwift */; };
		3B0867DE2A4CAE2F00ABF9CA /* DailyLogItem.swift in Sources */ = {isa = PBXBuildFile; fileRef = 3B0867DD2A4CAE2F00ABF9CA /* DailyLogItem.swift */; };
		3B0867E02A4D991700ABF9CA /* DailyLogView.swift in Sources */ = {isa = PBXBuildFile; fileRef = 3B0867DF2A4D991700ABF9CA /* DailyLogView.swift */; };
		3B86FE3C2A4F28CD007F8CFE /* Documentation.docc in Sources */ = {isa = PBXBuildFile; fileRef = 3B86FE3B2A4F28CD007F8CFE /* Documentation.docc */; };
		3B9A3E382A501A2700071C67 /* Helpers.swift in Sources */ = {isa = PBXBuildFile; fileRef = 3B9A3E372A501A2700071C67 /* Helpers.swift */; };
		3BB1343D2A4B85CC0048A310 /* DailyGamificationApp.swift in Sources */ = {isa = PBXBuildFile; fileRef = 3BB1343C2A4B85CC0048A310 /* DailyGamificationApp.swift */; };
		3BB1343F2A4B85CC0048A310 /* ContentView.swift in Sources */ = {isa = PBXBuildFile; fileRef = 3BB1343E2A4B85CC0048A310 /* ContentView.swift */; };
		3BB134412A4B85CD0048A310 /* Assets.xcassets in Resources */ = {isa = PBXBuildFile; fileRef = 3BB134402A4B85CD0048A310 /* Assets.xcassets */; };
		3BB134442A4B85CD0048A310 /* Preview Assets.xcassets in Resources */ = {isa = PBXBuildFile; fileRef = 3BB134432A4B85CD0048A310 /* Preview Assets.xcassets */; };
		3BB1344E2A4B85CD0048A310 /* DailyGamificationTests.swift in Sources */ = {isa = PBXBuildFile; fileRef = 3BB1344D2A4B85CD0048A310 /* DailyGamificationTests.swift */; };
		3BB134582A4B85CD0048A310 /* DailyGamificationUITests.swift in Sources */ = {isa = PBXBuildFile; fileRef = 3BB134572A4B85CD0048A310 /* DailyGamificationUITests.swift */; };
		3BB1345A2A4B85CD0048A310 /* DailyGamificationUITestsLaunchTests.swift in Sources */ = {isa = PBXBuildFile; fileRef = 3BB134592A4B85CD0048A310 /* DailyGamificationUITestsLaunchTests.swift */; };
		3BB134672A4B867B0048A310 /* DashBoardView.swift in Sources */ = {isa = PBXBuildFile; fileRef = 3BB134662A4B867B0048A310 /* DashBoardView.swift */; };
		3BB134692A4B89430048A310 /* NumericLogRow.swift in Sources */ = {isa = PBXBuildFile; fileRef = 3BB134682A4B89430048A310 /* NumericLogRow.swift */; };
		3BDED7352A4B916A00117ED8 /* ClaimTaskRow.swift in Sources */ = {isa = PBXBuildFile; fileRef = 3BDED7342A4B916A00117ED8 /* ClaimTaskRow.swift */; };
		3BFE8C862A51724800B97ECE /* TADA.swift in Sources */ = {isa = PBXBuildFile; fileRef = 3BFE8C852A51724800B97ECE /* TADA.swift */; };
/* End PBXBuildFile section */

/* Begin PBXContainerItemProxy section */
		3BB1344A2A4B85CD0048A310 /* PBXContainerItemProxy */ = {
			isa = PBXContainerItemProxy;
			containerPortal = 3BB134312A4B85CC0048A310 /* Project object */;
			proxyType = 1;
			remoteGlobalIDString = 3BB134382A4B85CC0048A310;
			remoteInfo = DailyGamification;
		};
		3BB134542A4B85CD0048A310 /* PBXContainerItemProxy */ = {
			isa = PBXContainerItemProxy;
			containerPortal = 3BB134312A4B85CC0048A310 /* Project object */;
			proxyType = 1;
			remoteGlobalIDString = 3BB134382A4B85CC0048A310;
			remoteInfo = DailyGamification;
		};
/* End PBXContainerItemProxy section */

/* Begin PBXFileReference section */
		0211F00A2A5C177400EE20A2 /* BlogModel.swift */ = {isa = PBXFileReference; lastKnownFileType = sourcecode.swift; path = BlogModel.swift; sourceTree = "<group>"; };
		0211F00D2A5C185F00EE20A2 /* BlogArticleItem.swift */ = {isa = PBXFileReference; lastKnownFileType = sourcecode.swift; path = BlogArticleItem.swift; sourceTree = "<group>"; };
		0211F00F2A5C3FEF00EE20A2 /* BlogArticle.swift */ = {isa = PBXFileReference; lastKnownFileType = sourcecode.swift; path = BlogArticle.swift; sourceTree = "<group>"; };
		0211F0112A5D3B3500EE20A2 /* Toast.swift */ = {isa = PBXFileReference; lastKnownFileType = sourcecode.swift; path = Toast.swift; sourceTree = "<group>"; };
		0211F0132A5D46DD00EE20A2 /* BlogArticleDetail.swift */ = {isa = PBXFileReference; lastKnownFileType = sourcecode.swift; path = BlogArticleDetail.swift; sourceTree = "<group>"; };
		021BD8392A54437800761E28 /* WelcomeView.swift */ = {isa = PBXFileReference; lastKnownFileType = sourcecode.swift; path = WelcomeView.swift; sourceTree = "<group>"; };
		021BD83C2A5444AB00761E28 /* DashboardItemRow.swift */ = {isa = PBXFileReference; lastKnownFileType = sourcecode.swift; path = DashboardItemRow.swift; sourceTree = "<group>"; };
		021BD8412A56D1C000761E28 /* RoundedButton.swift */ = {isa = PBXFileReference; lastKnownFileType = sourcecode.swift; path = RoundedButton.swift; sourceTree = "<group>"; };
		021BD8432A57E8D000761E28 /* AddLogView.swift */ = {isa = PBXFileReference; lastKnownFileType = sourcecode.swift; path = AddLogView.swift; sourceTree = "<group>"; };
		021E83B62A57EE80005178B8 /* LottieView.swift */ = {isa = PBXFileReference; lastKnownFileType = sourcecode.swift; path = LottieView.swift; sourceTree = "<group>"; };
		021E83B92A57F59F005178B8 /* up.json */ = {isa = PBXFileReference; fileEncoding = 4; lastKnownFileType = text.json; path = up.json; sourceTree = "<group>"; };
		021E83BB2A57F5CF005178B8 /* LottieFilesConstants.swift */ = {isa = PBXFileReference; lastKnownFileType = sourcecode.swift; path = LottieFilesConstants.swift; sourceTree = "<group>"; };
		021E83BD2A5808D3005178B8 /* TabAppView.swift */ = {isa = PBXFileReference; lastKnownFileType = sourcecode.swift; path = TabAppView.swift; sourceTree = "<group>"; };
		021E83BF2A580A57005178B8 /* BlogView.swift */ = {isa = PBXFileReference; lastKnownFileType = sourcecode.swift; path = BlogView.swift; sourceTree = "<group>"; };
		021E83C12A580A63005178B8 /* AboutAppView.swift */ = {isa = PBXFileReference; lastKnownFileType = sourcecode.swift; path = AboutAppView.swift; sourceTree = "<group>"; };
		021E83C32A581806005178B8 /* CustomTabBar.swift */ = {isa = PBXFileReference; lastKnownFileType = sourcecode.swift; path = CustomTabBar.swift; sourceTree = "<group>"; };
		3B0867DD2A4CAE2F00ABF9CA /* DailyLogItem.swift */ = {isa = PBXFileReference; lastKnownFileType = sourcecode.swift; path = DailyLogItem.swift; sourceTree = "<group>"; };
		3B0867DF2A4D991700ABF9CA /* DailyLogView.swift */ = {isa = PBXFileReference; lastKnownFileType = sourcecode.swift; path = DailyLogView.swift; sourceTree = "<group>"; };
		3B86FE3B2A4F28CD007F8CFE /* Documentation.docc */ = {isa = PBXFileReference; lastKnownFileType = folder.documentationcatalog; path = Documentation.docc; sourceTree = "<group>"; };
		3B9A3E372A501A2700071C67 /* Helpers.swift */ = {isa = PBXFileReference; lastKnownFileType = sourcecode.swift; path = Helpers.swift; sourceTree = "<group>"; };
		3BB134392A4B85CC0048A310 /* DailyGamification.app */ = {isa = PBXFileReference; explicitFileType = wrapper.application; includeInIndex = 0; path = DailyGamification.app; sourceTree = BUILT_PRODUCTS_DIR; };
		3BB1343C2A4B85CC0048A310 /* DailyGamificationApp.swift */ = {isa = PBXFileReference; lastKnownFileType = sourcecode.swift; path = DailyGamificationApp.swift; sourceTree = "<group>"; };
		3BB1343E2A4B85CC0048A310 /* ContentView.swift */ = {isa = PBXFileReference; lastKnownFileType = sourcecode.swift; path = ContentView.swift; sourceTree = "<group>"; };
		3BB134402A4B85CD0048A310 /* Assets.xcassets */ = {isa = PBXFileReference; lastKnownFileType = folder.assetcatalog; path = Assets.xcassets; sourceTree = "<group>"; };
		3BB134432A4B85CD0048A310 /* Preview Assets.xcassets */ = {isa = PBXFileReference; lastKnownFileType = folder.assetcatalog; path = "Preview Assets.xcassets"; sourceTree = "<group>"; };
		3BB134492A4B85CD0048A310 /* DailyGamificationTests.xctest */ = {isa = PBXFileReference; explicitFileType = wrapper.cfbundle; includeInIndex = 0; path = DailyGamificationTests.xctest; sourceTree = BUILT_PRODUCTS_DIR; };
		3BB1344D2A4B85CD0048A310 /* DailyGamificationTests.swift */ = {isa = PBXFileReference; lastKnownFileType = sourcecode.swift; path = DailyGamificationTests.swift; sourceTree = "<group>"; };
		3BB134532A4B85CD0048A310 /* DailyGamificationUITests.xctest */ = {isa = PBXFileReference; explicitFileType = wrapper.cfbundle; includeInIndex = 0; path = DailyGamificationUITests.xctest; sourceTree = BUILT_PRODUCTS_DIR; };
		3BB134572A4B85CD0048A310 /* DailyGamificationUITests.swift */ = {isa = PBXFileReference; lastKnownFileType = sourcecode.swift; path = DailyGamificationUITests.swift; sourceTree = "<group>"; };
		3BB134592A4B85CD0048A310 /* DailyGamificationUITestsLaunchTests.swift */ = {isa = PBXFileReference; lastKnownFileType = sourcecode.swift; path = DailyGamificationUITestsLaunchTests.swift; sourceTree = "<group>"; };
		3BB134662A4B867B0048A310 /* DashBoardView.swift */ = {isa = PBXFileReference; lastKnownFileType = sourcecode.swift; path = DashBoardView.swift; sourceTree = "<group>"; };
		3BB134682A4B89430048A310 /* NumericLogRow.swift */ = {isa = PBXFileReference; lastKnownFileType = sourcecode.swift; path = NumericLogRow.swift; sourceTree = "<group>"; };
		3BDED7342A4B916A00117ED8 /* ClaimTaskRow.swift */ = {isa = PBXFileReference; lastKnownFileType = sourcecode.swift; path = ClaimTaskRow.swift; sourceTree = "<group>"; };
		3BFE8C852A51724800B97ECE /* TADA.swift */ = {isa = PBXFileReference; lastKnownFileType = sourcecode.swift; path = TADA.swift; sourceTree = "<group>"; };
/* End PBXFileReference section */

/* Begin PBXFrameworksBuildPhase section */
		3BB134362A4B85CC0048A310 /* Frameworks */ = {
			isa = PBXFrameworksBuildPhase;
			buildActionMask = 2147483647;
			files = (
				3B0867DB2A4CADA300ABF9CA /* RealmSwift in Frameworks */,
				3B0867D92A4CADA300ABF9CA /* Realm in Frameworks */,
				021BD8402A54970700761E28 /* Lottie in Frameworks */,
				0288F0CB2A5D64B100538903 /* RichText in Frameworks */,
			);
			runOnlyForDeploymentPostprocessing = 0;
		};
		3BB134462A4B85CD0048A310 /* Frameworks */ = {
			isa = PBXFrameworksBuildPhase;
			buildActionMask = 2147483647;
			files = (
			);
			runOnlyForDeploymentPostprocessing = 0;
		};
		3BB134502A4B85CD0048A310 /* Frameworks */ = {
			isa = PBXFrameworksBuildPhase;
			buildActionMask = 2147483647;
			files = (
			);
			runOnlyForDeploymentPostprocessing = 0;
		};
/* End PBXFrameworksBuildPhase section */

/* Begin PBXGroup section */
		0211F00C2A5C177800EE20A2 /* BlogModel */ = {
			isa = PBXGroup;
			children = (
				0211F00A2A5C177400EE20A2 /* BlogModel.swift */,
				0211F00D2A5C185F00EE20A2 /* BlogArticleItem.swift */,
			);
			path = BlogModel;
			sourceTree = "<group>";
		};
		021BD8382A54436600761E28 /* Views */ = {
			isa = PBXGroup;
			children = (
				3B0867DF2A4D991700ABF9CA /* DailyLogView.swift */,
				3BB134662A4B867B0048A310 /* DashBoardView.swift */,
				021BD8392A54437800761E28 /* WelcomeView.swift */,
				021BD8432A57E8D000761E28 /* AddLogView.swift */,
				021E83B62A57EE80005178B8 /* LottieView.swift */,
				021E83BD2A5808D3005178B8 /* TabAppView.swift */,
				021E83BF2A580A57005178B8 /* BlogView.swift */,
				021E83C12A580A63005178B8 /* AboutAppView.swift */,
				0211F0132A5D46DD00EE20A2 /* BlogArticleDetail.swift */,
			);
			path = Views;
			sourceTree = "<group>";
		};
		021BD83B2A54449900761E28 /* Components */ = {
			isa = PBXGroup;
			children = (
				3BB134682A4B89430048A310 /* NumericLogRow.swift */,
				021BD83C2A5444AB00761E28 /* DashboardItemRow.swift */,
				3BDED7342A4B916A00117ED8 /* ClaimTaskRow.swift */,
				021BD8412A56D1C000761E28 /* RoundedButton.swift */,
				021E83C32A581806005178B8 /* CustomTabBar.swift */,
				0211F00F2A5C3FEF00EE20A2 /* BlogArticle.swift */,
				0211F0112A5D3B3500EE20A2 /* Toast.swift */,
			);
			path = Components;
			sourceTree = "<group>";
		};
		021E83B82A57F590005178B8 /* LottieFiles */ = {
			isa = PBXGroup;
			children = (
				021E83B92A57F59F005178B8 /* up.json */,
				021E83BB2A57F5CF005178B8 /* LottieFilesConstants.swift */,
			);
			path = LottieFiles;
			sourceTree = "<group>";
		};
		3B0867DC2A4CADAC00ABF9CA /* Models */ = {
			isa = PBXGroup;
			children = (
				0211F00C2A5C177800EE20A2 /* BlogModel */,
				3B0867DD2A4CAE2F00ABF9CA /* DailyLogItem.swift */,
			);
			path = Models;
			sourceTree = "<group>";
		};
		3BB134302A4B85CC0048A310 = {
			isa = PBXGroup;
			children = (
				3B86FE3B2A4F28CD007F8CFE /* Documentation.docc */,
				3BB1343B2A4B85CC0048A310 /* DailyGamification */,
				3BB1344C2A4B85CD0048A310 /* DailyGamificationTests */,
				3BB134562A4B85CD0048A310 /* DailyGamificationUITests */,
				3BB1343A2A4B85CC0048A310 /* Products */,
			);
			sourceTree = "<group>";
		};
		3BB1343A2A4B85CC0048A310 /* Products */ = {
			isa = PBXGroup;
			children = (
				3BB134392A4B85CC0048A310 /* DailyGamification.app */,
				3BB134492A4B85CD0048A310 /* DailyGamificationTests.xctest */,
				3BB134532A4B85CD0048A310 /* DailyGamificationUITests.xctest */,
			);
			name = Products;
			sourceTree = "<group>";
		};
		3BB1343B2A4B85CC0048A310 /* DailyGamification */ = {
			isa = PBXGroup;
			children = (
				021E83B82A57F590005178B8 /* LottieFiles */,
				021BD83B2A54449900761E28 /* Components */,
				3B0867DC2A4CADAC00ABF9CA /* Models */,
				021BD8382A54436600761E28 /* Views */,
				3BB1343C2A4B85CC0048A310 /* DailyGamificationApp.swift */,
				3BB1343E2A4B85CC0048A310 /* ContentView.swift */,
				3BB134402A4B85CD0048A310 /* Assets.xcassets */,
				3BB134422A4B85CD0048A310 /* Preview Content */,
				3BFE8C852A51724800B97ECE /* TADA.swift */,
				3B9A3E372A501A2700071C67 /* Helpers.swift */,
			);
			path = DailyGamification;
			sourceTree = "<group>";
		};
		3BB134422A4B85CD0048A310 /* Preview Content */ = {
			isa = PBXGroup;
			children = (
				3BB134432A4B85CD0048A310 /* Preview Assets.xcassets */,
			);
			path = "Preview Content";
			sourceTree = "<group>";
		};
		3BB1344C2A4B85CD0048A310 /* DailyGamificationTests */ = {
			isa = PBXGroup;
			children = (
				3BB1344D2A4B85CD0048A310 /* DailyGamificationTests.swift */,
			);
			path = DailyGamificationTests;
			sourceTree = "<group>";
		};
		3BB134562A4B85CD0048A310 /* DailyGamificationUITests */ = {
			isa = PBXGroup;
			children = (
				3BB134572A4B85CD0048A310 /* DailyGamificationUITests.swift */,
				3BB134592A4B85CD0048A310 /* DailyGamificationUITestsLaunchTests.swift */,
			);
			path = DailyGamificationUITests;
			sourceTree = "<group>";
		};
/* End PBXGroup section */

/* Begin PBXNativeTarget section */
		3BB134382A4B85CC0048A310 /* DailyGamification */ = {
			isa = PBXNativeTarget;
			buildConfigurationList = 3BB1345D2A4B85CD0048A310 /* Build configuration list for PBXNativeTarget "DailyGamification" */;
			buildPhases = (
				3BB134352A4B85CC0048A310 /* Sources */,
				3BB134362A4B85CC0048A310 /* Frameworks */,
				3BB134372A4B85CC0048A310 /* Resources */,
			);
			buildRules = (
			);
			dependencies = (
			);
			name = DailyGamification;
			packageProductDependencies = (
				3B0867D82A4CADA300ABF9CA /* Realm */,
				3B0867DA2A4CADA300ABF9CA /* RealmSwift */,
				021BD83F2A54970700761E28 /* Lottie */,
				0288F0CA2A5D64B100538903 /* RichText */,
			);
			productName = DailyGamification;
			productReference = 3BB134392A4B85CC0048A310 /* DailyGamification.app */;
			productType = "com.apple.product-type.application";
		};
		3BB134482A4B85CD0048A310 /* DailyGamificationTests */ = {
			isa = PBXNativeTarget;
			buildConfigurationList = 3BB134602A4B85CD0048A310 /* Build configuration list for PBXNativeTarget "DailyGamificationTests" */;
			buildPhases = (
				3BB134452A4B85CD0048A310 /* Sources */,
				3BB134462A4B85CD0048A310 /* Frameworks */,
				3BB134472A4B85CD0048A310 /* Resources */,
			);
			buildRules = (
			);
			dependencies = (
				3BB1344B2A4B85CD0048A310 /* PBXTargetDependency */,
			);
			name = DailyGamificationTests;
			productName = DailyGamificationTests;
			productReference = 3BB134492A4B85CD0048A310 /* DailyGamificationTests.xctest */;
			productType = "com.apple.product-type.bundle.unit-test";
		};
		3BB134522A4B85CD0048A310 /* DailyGamificationUITests */ = {
			isa = PBXNativeTarget;
			buildConfigurationList = 3BB134632A4B85CD0048A310 /* Build configuration list for PBXNativeTarget "DailyGamificationUITests" */;
			buildPhases = (
				3BB1344F2A4B85CD0048A310 /* Sources */,
				3BB134502A4B85CD0048A310 /* Frameworks */,
				3BB134512A4B85CD0048A310 /* Resources */,
			);
			buildRules = (
			);
			dependencies = (
				3BB134552A4B85CD0048A310 /* PBXTargetDependency */,
			);
			name = DailyGamificationUITests;
			productName = DailyGamificationUITests;
			productReference = 3BB134532A4B85CD0048A310 /* DailyGamificationUITests.xctest */;
			productType = "com.apple.product-type.bundle.ui-testing";
		};
/* End PBXNativeTarget section */

/* Begin PBXProject section */
		3BB134312A4B85CC0048A310 /* Project object */ = {
			isa = PBXProject;
			attributes = {
				BuildIndependentTargetsInParallel = 1;
				LastSwiftUpdateCheck = 1430;
				LastUpgradeCheck = 1430;
				TargetAttributes = {
					3BB134382A4B85CC0048A310 = {
						CreatedOnToolsVersion = 14.3.1;
					};
					3BB134482A4B85CD0048A310 = {
						CreatedOnToolsVersion = 14.3.1;
						TestTargetID = 3BB134382A4B85CC0048A310;
					};
					3BB134522A4B85CD0048A310 = {
						CreatedOnToolsVersion = 14.3.1;
						TestTargetID = 3BB134382A4B85CC0048A310;
					};
				};
			};
			buildConfigurationList = 3BB134342A4B85CC0048A310 /* Build configuration list for PBXProject "DailyGamification" */;
			compatibilityVersion = "Xcode 14.0";
			developmentRegion = en;
			hasScannedForEncodings = 0;
			knownRegions = (
				en,
				Base,
			);
			mainGroup = 3BB134302A4B85CC0048A310;
			packageReferences = (
				3B0867D72A4CADA200ABF9CA /* XCRemoteSwiftPackageReference "realm-swift" */,
				021BD83E2A54970700761E28 /* XCRemoteSwiftPackageReference "lottie-ios" */,
				0288F0C92A5D64B100538903 /* XCRemoteSwiftPackageReference "RichText" */,
			);
			productRefGroup = 3BB1343A2A4B85CC0048A310 /* Products */;
			projectDirPath = "";
			projectRoot = "";
			targets = (
				3BB134382A4B85CC0048A310 /* DailyGamification */,
				3BB134482A4B85CD0048A310 /* DailyGamificationTests */,
				3BB134522A4B85CD0048A310 /* DailyGamificationUITests */,
			);
		};
/* End PBXProject section */

/* Begin PBXResourcesBuildPhase section */
		3BB134372A4B85CC0048A310 /* Resources */ = {
			isa = PBXResourcesBuildPhase;
			buildActionMask = 2147483647;
			files = (
				021E83BA2A57F5A0005178B8 /* up.json in Resources */,
				3BB134442A4B85CD0048A310 /* Preview Assets.xcassets in Resources */,
				3BB134412A4B85CD0048A310 /* Assets.xcassets in Resources */,
			);
			runOnlyForDeploymentPostprocessing = 0;
		};
		3BB134472A4B85CD0048A310 /* Resources */ = {
			isa = PBXResourcesBuildPhase;
			buildActionMask = 2147483647;
			files = (
			);
			runOnlyForDeploymentPostprocessing = 0;
		};
		3BB134512A4B85CD0048A310 /* Resources */ = {
			isa = PBXResourcesBuildPhase;
			buildActionMask = 2147483647;
			files = (
			);
			runOnlyForDeploymentPostprocessing = 0;
		};
/* End PBXResourcesBuildPhase section */

/* Begin PBXSourcesBuildPhase section */
		3BB134352A4B85CC0048A310 /* Sources */ = {
			isa = PBXSourcesBuildPhase;
			buildActionMask = 2147483647;
			files = (
				021BD83D2A5444AB00761E28 /* DashboardItemRow.swift in Sources */,
				0211F0122A5D3B3500EE20A2 /* Toast.swift in Sources */,
				021BD8442A57E8D000761E28 /* AddLogView.swift in Sources */,
				0211F0102A5C3FEF00EE20A2 /* BlogArticle.swift in Sources */,
				021E83B72A57EE80005178B8 /* LottieView.swift in Sources */,
				0211F0142A5D46DD00EE20A2 /* BlogArticleDetail.swift in Sources */,
				021BD8422A56D1C000761E28 /* RoundedButton.swift in Sources */,
				3B0867E02A4D991700ABF9CA /* DailyLogView.swift in Sources */,
				3BDED7352A4B916A00117ED8 /* ClaimTaskRow.swift in Sources */,
				021E83BC2A57F5CF005178B8 /* LottieFilesConstants.swift in Sources */,
				3BFE8C862A51724800B97ECE /* TADA.swift in Sources */,
				021E83C22A580A63005178B8 /* AboutAppView.swift in Sources */,
				3B0867DE2A4CAE2F00ABF9CA /* DailyLogItem.swift in Sources */,
				3B9A3E382A501A2700071C67 /* Helpers.swift in Sources */,
				021BD83A2A54437800761E28 /* WelcomeView.swift in Sources */,
				3B86FE3C2A4F28CD007F8CFE /* Documentation.docc in Sources */,
				3BB134692A4B89430048A310 /* NumericLogRow.swift in Sources */,
				3BB134672A4B867B0048A310 /* DashBoardView.swift in Sources */,
				3BB1343F2A4B85CC0048A310 /* ContentView.swift in Sources */,
				0211F00B2A5C177400EE20A2 /* BlogModel.swift in Sources */,
				021E83C42A581806005178B8 /* CustomTabBar.swift in Sources */,
				021E83BE2A5808D3005178B8 /* TabAppView.swift in Sources */,
				021E83C02A580A57005178B8 /* BlogView.swift in Sources */,
				3BB1343D2A4B85CC0048A310 /* DailyGamificationApp.swift in Sources */,
				0211F00E2A5C185F00EE20A2 /* BlogArticleItem.swift in Sources */,
			);
			runOnlyForDeploymentPostprocessing = 0;
		};
		3BB134452A4B85CD0048A310 /* Sources */ = {
			isa = PBXSourcesBuildPhase;
			buildActionMask = 2147483647;
			files = (
				3BB1344E2A4B85CD0048A310 /* DailyGamificationTests.swift in Sources */,
			);
			runOnlyForDeploymentPostprocessing = 0;
		};
		3BB1344F2A4B85CD0048A310 /* Sources */ = {
			isa = PBXSourcesBuildPhase;
			buildActionMask = 2147483647;
			files = (
				3BB134582A4B85CD0048A310 /* DailyGamificationUITests.swift in Sources */,
				3BB1345A2A4B85CD0048A310 /* DailyGamificationUITestsLaunchTests.swift in Sources */,
			);
			runOnlyForDeploymentPostprocessing = 0;
		};
/* End PBXSourcesBuildPhase section */

/* Begin PBXTargetDependency section */
		3BB1344B2A4B85CD0048A310 /* PBXTargetDependency */ = {
			isa = PBXTargetDependency;
			target = 3BB134382A4B85CC0048A310 /* DailyGamification */;
			targetProxy = 3BB1344A2A4B85CD0048A310 /* PBXContainerItemProxy */;
		};
		3BB134552A4B85CD0048A310 /* PBXTargetDependency */ = {
			isa = PBXTargetDependency;
			target = 3BB134382A4B85CC0048A310 /* DailyGamification */;
			targetProxy = 3BB134542A4B85CD0048A310 /* PBXContainerItemProxy */;
		};
/* End PBXTargetDependency section */

/* Begin XCBuildConfiguration section */
		3BB1345B2A4B85CD0048A310 /* Debug */ = {
			isa = XCBuildConfiguration;
			buildSettings = {
				ALWAYS_SEARCH_USER_PATHS = NO;
				CLANG_ANALYZER_NONNULL = YES;
				CLANG_ANALYZER_NUMBER_OBJECT_CONVERSION = YES_AGGRESSIVE;
				CLANG_CXX_LANGUAGE_STANDARD = "gnu++20";
				CLANG_ENABLE_MODULES = YES;
				CLANG_ENABLE_OBJC_ARC = YES;
				CLANG_ENABLE_OBJC_WEAK = YES;
				CLANG_WARN_BLOCK_CAPTURE_AUTORELEASING = YES;
				CLANG_WARN_BOOL_CONVERSION = YES;
				CLANG_WARN_COMMA = YES;
				CLANG_WARN_CONSTANT_CONVERSION = YES;
				CLANG_WARN_DEPRECATED_OBJC_IMPLEMENTATIONS = YES;
				CLANG_WARN_DIRECT_OBJC_ISA_USAGE = YES_ERROR;
				CLANG_WARN_DOCUMENTATION_COMMENTS = YES;
				CLANG_WARN_EMPTY_BODY = YES;
				CLANG_WARN_ENUM_CONVERSION = YES;
				CLANG_WARN_INFINITE_RECURSION = YES;
				CLANG_WARN_INT_CONVERSION = YES;
				CLANG_WARN_NON_LITERAL_NULL_CONVERSION = YES;
				CLANG_WARN_OBJC_IMPLICIT_RETAIN_SELF = YES;
				CLANG_WARN_OBJC_LITERAL_CONVERSION = YES;
				CLANG_WARN_OBJC_ROOT_CLASS = YES_ERROR;
				CLANG_WARN_QUOTED_INCLUDE_IN_FRAMEWORK_HEADER = YES;
				CLANG_WARN_RANGE_LOOP_ANALYSIS = YES;
				CLANG_WARN_STRICT_PROTOTYPES = YES;
				CLANG_WARN_SUSPICIOUS_MOVE = YES;
				CLANG_WARN_UNGUARDED_AVAILABILITY = YES_AGGRESSIVE;
				CLANG_WARN_UNREACHABLE_CODE = YES;
				CLANG_WARN__DUPLICATE_METHOD_MATCH = YES;
				COPY_PHASE_STRIP = NO;
				DEBUG_INFORMATION_FORMAT = dwarf;
				ENABLE_STRICT_OBJC_MSGSEND = YES;
				ENABLE_TESTABILITY = YES;
				GCC_C_LANGUAGE_STANDARD = gnu11;
				GCC_DYNAMIC_NO_PIC = NO;
				GCC_NO_COMMON_BLOCKS = YES;
				GCC_OPTIMIZATION_LEVEL = 0;
				GCC_PREPROCESSOR_DEFINITIONS = (
					"DEBUG=1",
					"$(inherited)",
				);
				GCC_WARN_64_TO_32_BIT_CONVERSION = YES;
				GCC_WARN_ABOUT_RETURN_TYPE = YES_ERROR;
				GCC_WARN_UNDECLARED_SELECTOR = YES;
				GCC_WARN_UNINITIALIZED_AUTOS = YES_AGGRESSIVE;
				GCC_WARN_UNUSED_FUNCTION = YES;
				GCC_WARN_UNUSED_VARIABLE = YES;
				IPHONEOS_DEPLOYMENT_TARGET = 16.4;
				MTL_ENABLE_DEBUG_INFO = INCLUDE_SOURCE;
				MTL_FAST_MATH = YES;
				ONLY_ACTIVE_ARCH = YES;
				SDKROOT = iphoneos;
				SWIFT_ACTIVE_COMPILATION_CONDITIONS = DEBUG;
				SWIFT_OPTIMIZATION_LEVEL = "-Onone";
			};
			name = Debug;
		};
		3BB1345C2A4B85CD0048A310 /* Release */ = {
			isa = XCBuildConfiguration;
			buildSettings = {
				ALWAYS_SEARCH_USER_PATHS = NO;
				CLANG_ANALYZER_NONNULL = YES;
				CLANG_ANALYZER_NUMBER_OBJECT_CONVERSION = YES_AGGRESSIVE;
				CLANG_CXX_LANGUAGE_STANDARD = "gnu++20";
				CLANG_ENABLE_MODULES = YES;
				CLANG_ENABLE_OBJC_ARC = YES;
				CLANG_ENABLE_OBJC_WEAK = YES;
				CLANG_WARN_BLOCK_CAPTURE_AUTORELEASING = YES;
				CLANG_WARN_BOOL_CONVERSION = YES;
				CLANG_WARN_COMMA = YES;
				CLANG_WARN_CONSTANT_CONVERSION = YES;
				CLANG_WARN_DEPRECATED_OBJC_IMPLEMENTATIONS = YES;
				CLANG_WARN_DIRECT_OBJC_ISA_USAGE = YES_ERROR;
				CLANG_WARN_DOCUMENTATION_COMMENTS = YES;
				CLANG_WARN_EMPTY_BODY = YES;
				CLANG_WARN_ENUM_CONVERSION = YES;
				CLANG_WARN_INFINITE_RECURSION = YES;
				CLANG_WARN_INT_CONVERSION = YES;
				CLANG_WARN_NON_LITERAL_NULL_CONVERSION = YES;
				CLANG_WARN_OBJC_IMPLICIT_RETAIN_SELF = YES;
				CLANG_WARN_OBJC_LITERAL_CONVERSION = YES;
				CLANG_WARN_OBJC_ROOT_CLASS = YES_ERROR;
				CLANG_WARN_QUOTED_INCLUDE_IN_FRAMEWORK_HEADER = YES;
				CLANG_WARN_RANGE_LOOP_ANALYSIS = YES;
				CLANG_WARN_STRICT_PROTOTYPES = YES;
				CLANG_WARN_SUSPICIOUS_MOVE = YES;
				CLANG_WARN_UNGUARDED_AVAILABILITY = YES_AGGRESSIVE;
				CLANG_WARN_UNREACHABLE_CODE = YES;
				CLANG_WARN__DUPLICATE_METHOD_MATCH = YES;
				COPY_PHASE_STRIP = NO;
				DEBUG_INFORMATION_FORMAT = "dwarf-with-dsym";
				ENABLE_NS_ASSERTIONS = NO;
				ENABLE_STRICT_OBJC_MSGSEND = YES;
				GCC_C_LANGUAGE_STANDARD = gnu11;
				GCC_NO_COMMON_BLOCKS = YES;
				GCC_WARN_64_TO_32_BIT_CONVERSION = YES;
				GCC_WARN_ABOUT_RETURN_TYPE = YES_ERROR;
				GCC_WARN_UNDECLARED_SELECTOR = YES;
				GCC_WARN_UNINITIALIZED_AUTOS = YES_AGGRESSIVE;
				GCC_WARN_UNUSED_FUNCTION = YES;
				GCC_WARN_UNUSED_VARIABLE = YES;
				IPHONEOS_DEPLOYMENT_TARGET = 16.4;
				MTL_ENABLE_DEBUG_INFO = NO;
				MTL_FAST_MATH = YES;
				SDKROOT = iphoneos;
				SWIFT_COMPILATION_MODE = wholemodule;
				SWIFT_OPTIMIZATION_LEVEL = "-O";
				VALIDATE_PRODUCT = YES;
			};
			name = Release;
		};
		3BB1345E2A4B85CD0048A310 /* Debug */ = {
			isa = XCBuildConfiguration;
			buildSettings = {
				ASSETCATALOG_COMPILER_APPICON_NAME = AppIcon;
				ASSETCATALOG_COMPILER_GLOBAL_ACCENT_COLOR_NAME = AccentColor;
				CODE_SIGN_STYLE = Automatic;
				CURRENT_PROJECT_VERSION = 1;
				DEVELOPMENT_ASSET_PATHS = "\"DailyGamification/Preview Content\"";
				DEVELOPMENT_TEAM = 5CRUDK6S53;
				ENABLE_PREVIEWS = YES;
				GENERATE_INFOPLIST_FILE = YES;
				INFOPLIST_KEY_UIApplicationSceneManifest_Generation = YES;
				INFOPLIST_KEY_UIApplicationSupportsIndirectInputEvents = YES;
				INFOPLIST_KEY_UILaunchScreen_Generation = YES;
				INFOPLIST_KEY_UISupportedInterfaceOrientations_iPad = "UIInterfaceOrientationPortrait UIInterfaceOrientationPortraitUpsideDown UIInterfaceOrientationLandscapeLeft UIInterfaceOrientationLandscapeRight";
				INFOPLIST_KEY_UISupportedInterfaceOrientations_iPhone = "UIInterfaceOrientationPortrait UIInterfaceOrientationLandscapeLeft UIInterfaceOrientationLandscapeRight";
				LD_RUNPATH_SEARCH_PATHS = (
					"$(inherited)",
					"@executable_path/Frameworks",
				);
				MARKETING_VERSION = 1.0;
				PRODUCT_BUNDLE_IDENTIFIER = com.tdsoft.DailyGamification;
				PRODUCT_NAME = "$(TARGET_NAME)";
				SWIFT_EMIT_LOC_STRINGS = YES;
				SWIFT_VERSION = 5.0;
				TARGETED_DEVICE_FAMILY = "1,2";
			};
			name = Debug;
		};
		3BB1345F2A4B85CD0048A310 /* Release */ = {
			isa = XCBuildConfiguration;
			buildSettings = {
				ASSETCATALOG_COMPILER_APPICON_NAME = AppIcon;
				ASSETCATALOG_COMPILER_GLOBAL_ACCENT_COLOR_NAME = AccentColor;
				CODE_SIGN_STYLE = Automatic;
				CURRENT_PROJECT_VERSION = 1;
				DEVELOPMENT_ASSET_PATHS = "\"DailyGamification/Preview Content\"";
				DEVELOPMENT_TEAM = 5CRUDK6S53;
				ENABLE_PREVIEWS = YES;
				GENERATE_INFOPLIST_FILE = YES;
				INFOPLIST_KEY_UIApplicationSceneManifest_Generation = YES;
				INFOPLIST_KEY_UIApplicationSupportsIndirectInputEvents = YES;
				INFOPLIST_KEY_UILaunchScreen_Generation = YES;
				INFOPLIST_KEY_UISupportedInterfaceOrientations_iPad = "UIInterfaceOrientationPortrait UIInterfaceOrientationPortraitUpsideDown UIInterfaceOrientationLandscapeLeft UIInterfaceOrientationLandscapeRight";
				INFOPLIST_KEY_UISupportedInterfaceOrientations_iPhone = "UIInterfaceOrientationPortrait UIInterfaceOrientationLandscapeLeft UIInterfaceOrientationLandscapeRight";
				LD_RUNPATH_SEARCH_PATHS = (
					"$(inherited)",
					"@executable_path/Frameworks",
				);
				MARKETING_VERSION = 1.0;
				PRODUCT_BUNDLE_IDENTIFIER = com.tdsoft.DailyGamification;
				PRODUCT_NAME = "$(TARGET_NAME)";
				SWIFT_EMIT_LOC_STRINGS = YES;
				SWIFT_VERSION = 5.0;
				TARGETED_DEVICE_FAMILY = "1,2";
			};
			name = Release;
		};
		3BB134612A4B85CD0048A310 /* Debug */ = {
			isa = XCBuildConfiguration;
			buildSettings = {
				ALWAYS_EMBED_SWIFT_STANDARD_LIBRARIES = YES;
				BUNDLE_LOADER = "$(TEST_HOST)";
				CODE_SIGN_STYLE = Automatic;
				CURRENT_PROJECT_VERSION = 1;
				GENERATE_INFOPLIST_FILE = YES;
				IPHONEOS_DEPLOYMENT_TARGET = 16.4;
				MARKETING_VERSION = 1.0;
				PRODUCT_BUNDLE_IDENTIFIER = com.tdsoft.DailyGamificationTests;
				PRODUCT_NAME = "$(TARGET_NAME)";
				SWIFT_EMIT_LOC_STRINGS = NO;
				SWIFT_VERSION = 5.0;
				TARGETED_DEVICE_FAMILY = "1,2";
				TEST_HOST = "$(BUILT_PRODUCTS_DIR)/DailyGamification.app/$(BUNDLE_EXECUTABLE_FOLDER_PATH)/DailyGamification";
			};
			name = Debug;
		};
		3BB134622A4B85CD0048A310 /* Release */ = {
			isa = XCBuildConfiguration;
			buildSettings = {
				ALWAYS_EMBED_SWIFT_STANDARD_LIBRARIES = YES;
				BUNDLE_LOADER = "$(TEST_HOST)";
				CODE_SIGN_STYLE = Automatic;
				CURRENT_PROJECT_VERSION = 1;
				GENERATE_INFOPLIST_FILE = YES;
				IPHONEOS_DEPLOYMENT_TARGET = 16.4;
				MARKETING_VERSION = 1.0;
				PRODUCT_BUNDLE_IDENTIFIER = com.tdsoft.DailyGamificationTests;
				PRODUCT_NAME = "$(TARGET_NAME)";
				SWIFT_EMIT_LOC_STRINGS = NO;
				SWIFT_VERSION = 5.0;
				TARGETED_DEVICE_FAMILY = "1,2";
				TEST_HOST = "$(BUILT_PRODUCTS_DIR)/DailyGamification.app/$(BUNDLE_EXECUTABLE_FOLDER_PATH)/DailyGamification";
			};
			name = Release;
		};
		3BB134642A4B85CD0048A310 /* Debug */ = {
			isa = XCBuildConfiguration;
			buildSettings = {
				ALWAYS_EMBED_SWIFT_STANDARD_LIBRARIES = YES;
				CODE_SIGN_STYLE = Automatic;
				CURRENT_PROJECT_VERSION = 1;
				GENERATE_INFOPLIST_FILE = YES;
				MARKETING_VERSION = 1.0;
				PRODUCT_BUNDLE_IDENTIFIER = com.tdsoft.DailyGamificationUITests;
				PRODUCT_NAME = "$(TARGET_NAME)";
				SWIFT_EMIT_LOC_STRINGS = NO;
				SWIFT_VERSION = 5.0;
				TARGETED_DEVICE_FAMILY = "1,2";
				TEST_TARGET_NAME = DailyGamification;
			};
			name = Debug;
		};
		3BB134652A4B85CD0048A310 /* Release */ = {
			isa = XCBuildConfiguration;
			buildSettings = {
				ALWAYS_EMBED_SWIFT_STANDARD_LIBRARIES = YES;
				CODE_SIGN_STYLE = Automatic;
				CURRENT_PROJECT_VERSION = 1;
				GENERATE_INFOPLIST_FILE = YES;
				MARKETING_VERSION = 1.0;
				PRODUCT_BUNDLE_IDENTIFIER = com.tdsoft.DailyGamificationUITests;
				PRODUCT_NAME = "$(TARGET_NAME)";
				SWIFT_EMIT_LOC_STRINGS = NO;
				SWIFT_VERSION = 5.0;
				TARGETED_DEVICE_FAMILY = "1,2";
				TEST_TARGET_NAME = DailyGamification;
			};
			name = Release;
		};
/* End XCBuildConfiguration section */

/* Begin XCConfigurationList section */
		3BB134342A4B85CC0048A310 /* Build configuration list for PBXProject "DailyGamification" */ = {
			isa = XCConfigurationList;
			buildConfigurations = (
				3BB1345B2A4B85CD0048A310 /* Debug */,
				3BB1345C2A4B85CD0048A310 /* Release */,
			);
			defaultConfigurationIsVisible = 0;
			defaultConfigurationName = Release;
		};
		3BB1345D2A4B85CD0048A310 /* Build configuration list for PBXNativeTarget "DailyGamification" */ = {
			isa = XCConfigurationList;
			buildConfigurations = (
				3BB1345E2A4B85CD0048A310 /* Debug */,
				3BB1345F2A4B85CD0048A310 /* Release */,
			);
			defaultConfigurationIsVisible = 0;
			defaultConfigurationName = Release;
		};
		3BB134602A4B85CD0048A310 /* Build configuration list for PBXNativeTarget "DailyGamificationTests" */ = {
			isa = XCConfigurationList;
			buildConfigurations = (
				3BB134612A4B85CD0048A310 /* Debug */,
				3BB134622A4B85CD0048A310 /* Release */,
			);
			defaultConfigurationIsVisible = 0;
			defaultConfigurationName = Release;
		};
		3BB134632A4B85CD0048A310 /* Build configuration list for PBXNativeTarget "DailyGamificationUITests" */ = {
			isa = XCConfigurationList;
			buildConfigurations = (
				3BB134642A4B85CD0048A310 /* Debug */,
				3BB134652A4B85CD0048A310 /* Release */,
			);
			defaultConfigurationIsVisible = 0;
			defaultConfigurationName = Release;
		};
/* End XCConfigurationList section */

/* Begin XCRemoteSwiftPackageReference section */
		021BD83E2A54970700761E28 /* XCRemoteSwiftPackageReference "lottie-ios" */ = {
			isa = XCRemoteSwiftPackageReference;
			repositoryURL = "https://github.com/airbnb/lottie-ios";
			requirement = {
				kind = upToNextMajorVersion;
				minimumVersion = 4.0.0;
			};
		};
		0288F0C92A5D64B100538903 /* XCRemoteSwiftPackageReference "RichText" */ = {
			isa = XCRemoteSwiftPackageReference;
			repositoryURL = "https://github.com/NuPlay/RichText.git";
			requirement = {
				kind = upToNextMajorVersion;
				minimumVersion = 2.0.0;
			};
		};
		3B0867D72A4CADA200ABF9CA /* XCRemoteSwiftPackageReference "realm-swift" */ = {
			isa = XCRemoteSwiftPackageReference;
			repositoryURL = "https://github.com/realm/realm-swift.git";
			requirement = {
				branch = master;
				kind = branch;
			};
		};
/* End XCRemoteSwiftPackageReference section */

/* Begin XCSwiftPackageProductDependency section */
		021BD83F2A54970700761E28 /* Lottie */ = {
			isa = XCSwiftPackageProductDependency;
			package = 021BD83E2A54970700761E28 /* XCRemoteSwiftPackageReference "lottie-ios" */;
			productName = Lottie;
		};
		0288F0CA2A5D64B100538903 /* RichText */ = {
			isa = XCSwiftPackageProductDependency;
			package = 0288F0C92A5D64B100538903 /* XCRemoteSwiftPackageReference "RichText" */;
			productName = RichText;
		};
		3B0867D82A4CADA300ABF9CA /* Realm */ = {
			isa = XCSwiftPackageProductDependency;
			package = 3B0867D72A4CADA200ABF9CA /* XCRemoteSwiftPackageReference "realm-swift" */;
			productName = Realm;
		};
		3B0867DA2A4CADA300ABF9CA /* RealmSwift */ = {
			isa = XCSwiftPackageProductDependency;
			package = 3B0867D72A4CADA200ABF9CA /* XCRemoteSwiftPackageReference "realm-swift" */;
			productName = RealmSwift;
		};
/* End XCSwiftPackageProductDependency section */
	};
	rootObject = 3BB134312A4B85CC0048A310 /* Project object */;
}
